
Microsoft Visual Studio Solution File, Format Version 12.00
Project("{FAE04EC0-301F-11D3-BF4B-00C04F79EFBC}") = "APP", "APP\APP.csproj", "{46023B51-C014-4494-9416-768BC471B147}"
EndProject
Global
	GlobalSection(SolutionConfigurationPlatforms) = preSolution
		Debug|Any CPU = Debug|Any CPU
		Release|Any CPU = Release|Any CPU
	EndGlobalSection
	GlobalSection(ProjectConfigurationPlatforms) = postSolution
		{46023B51-C014-4494-9416-768BC471B147}.Debug|Any CPU.ActiveCfg = Debug|Any CPU
		{46023B51-C014-4494-9416-768BC471B147}.Debug|Any CPU.Build.0 = Debug|Any CPU
		{46023B51-C014-4494-9416-768BC471B147}.Release|Any CPU.ActiveCfg = Release|Any CPU
		{46023B51-C014-4494-9416-768BC471B147}.Release|Any CPU.Build.0 = Release|Any CPU
	EndGlobalSection
EndGlobal
