
Microsoft Visual Studio Solution File, Format Version 12.00
Project("{FAE04EC0-301F-11D3-BF4B-00C04F79EFBC}") = "Web", "Web\Web.csproj", "{6C0228D6-F4D7-49FC-8CDE-4A32C273CA6E}"
EndProject
Project("{FAE04EC0-301F-11D3-BF4B-00C04F79EFBC}") = "Core", "Core\Core.csproj", "{BB838F66-2BD4-40B3-801E-891D4E1EB3B4}"
EndProject
Project("{FAE04EC0-301F-11D3-BF4B-00C04F79EFBC}") = "Infra", "Infra\Infra.csproj", "{FFC5CE9A-430C-41BA-991F-1E2F8C176E28}"
EndProject
Project("{2150E333-8FDC-42A3-9474-1A3956D46DE8}") = "src", "src", "{8E80AF34-E0CC-44E5-B296-B556E4C441FA}"
EndProject
Global
	GlobalSection(SolutionConfigurationPlatforms) = preSolution
		Debug|Any CPU = Debug|Any CPU
		Release|Any CPU = Release|Any CPU
	EndGlobalSection
	GlobalSection(ProjectConfigurationPlatforms) = postSolution
		{6C0228D6-F4D7-49FC-8CDE-4A32C273CA6E}.Debug|Any CPU.ActiveCfg = Debug|Any CPU
		{6C0228D6-F4D7-49FC-8CDE-4A32C273CA6E}.Debug|Any CPU.Build.0 = Debug|Any CPU
		{6C0228D6-F4D7-49FC-8CDE-4A32C273CA6E}.Release|Any CPU.ActiveCfg = Release|Any CPU
		{6C0228D6-F4D7-49FC-8CDE-4A32C273CA6E}.Release|Any CPU.Build.0 = Release|Any CPU
		{BB838F66-2BD4-40B3-801E-891D4E1EB3B4}.Debug|Any CPU.ActiveCfg = Debug|Any CPU
		{BB838F66-2BD4-40B3-801E-891D4E1EB3B4}.Debug|Any CPU.Build.0 = Debug|Any CPU
		{BB838F66-2BD4-40B3-801E-891D4E1EB3B4}.Release|Any CPU.ActiveCfg = Release|Any CPU
		{BB838F66-2BD4-40B3-801E-891D4E1EB3B4}.Release|Any CPU.Build.0 = Release|Any CPU
		{FFC5CE9A-430C-41BA-991F-1E2F8C176E28}.Debug|Any CPU.ActiveCfg = Debug|Any CPU
		{FFC5CE9A-430C-41BA-991F-1E2F8C176E28}.Debug|Any CPU.Build.0 = Debug|Any CPU
		{FFC5CE9A-430C-41BA-991F-1E2F8C176E28}.Release|Any CPU.ActiveCfg = Release|Any CPU
		{FFC5CE9A-430C-41BA-991F-1E2F8C176E28}.Release|Any CPU.Build.0 = Release|Any CPU
	EndGlobalSection
	GlobalSection(NestedProjects) = preSolution
		{FFC5CE9A-430C-41BA-991F-1E2F8C176E28} = {8E80AF34-E0CC-44E5-B296-B556E4C441FA}
		{BB838F66-2BD4-40B3-801E-891D4E1EB3B4} = {8E80AF34-E0CC-44E5-B296-B556E4C441FA}
		{6C0228D6-F4D7-49FC-8CDE-4A32C273CA6E} = {8E80AF34-E0CC-44E5-B296-B556E4C441FA}
	EndGlobalSection
EndGlobal
