
Microsoft Visual Studio Solution File, Format Version 12.00
Project("{FAE04EC0-301F-11D3-BF4B-00C04F79EFBC}") = "API", "API\API.csproj", "{D4ADE673-FA91-4452-9F15-5F0709C098DE}"
EndProject
Project("{FAE04EC0-301F-11D3-BF4B-00C04F79EFBC}") = "DAL", "DAL\DAL.csproj", "{AF844F39-BD51-4E3A-9625-0AB704710DCB}"
EndProject
Project("{FAE04EC0-301F-11D3-BF4B-00C04F79EFBC}") = "BLL", "BLL\BLL.csproj", "{17FAE41C-DF72-43EA-99C3-B0CE04BAA0E5}"
EndProject
Project("{FAE04EC0-301F-11D3-BF4B-00C04F79EFBC}") = "UTIL", "UTIL\UTIL.csproj", "{EEFFCB67-6A6A-42CF-A75E-CA691EDE5ACA}"
EndProject
Global
	GlobalSection(SolutionConfigurationPlatforms) = preSolution
		Debug|Any CPU = Debug|Any CPU
		Release|Any CPU = Release|Any CPU
	EndGlobalSection
	GlobalSection(ProjectConfigurationPlatforms) = postSolution
		{D4ADE673-FA91-4452-9F15-5F0709C098DE}.Debug|Any CPU.ActiveCfg = Debug|Any CPU
		{D4ADE673-FA91-4452-9F15-5F0709C098DE}.Debug|Any CPU.Build.0 = Debug|Any CPU
		{D4ADE673-FA91-4452-9F15-5F0709C098DE}.Release|Any CPU.ActiveCfg = Release|Any CPU
		{D4ADE673-FA91-4452-9F15-5F0709C098DE}.Release|Any CPU.Build.0 = Release|Any CPU
		{AF844F39-BD51-4E3A-9625-0AB704710DCB}.Debug|Any CPU.ActiveCfg = Debug|Any CPU
		{AF844F39-BD51-4E3A-9625-0AB704710DCB}.Debug|Any CPU.Build.0 = Debug|Any CPU
		{AF844F39-BD51-4E3A-9625-0AB704710DCB}.Release|Any CPU.ActiveCfg = Release|Any CPU
		{AF844F39-BD51-4E3A-9625-0AB704710DCB}.Release|Any CPU.Build.0 = Release|Any CPU
		{17FAE41C-DF72-43EA-99C3-B0CE04BAA0E5}.Debug|Any CPU.ActiveCfg = Debug|Any CPU
		{17FAE41C-DF72-43EA-99C3-B0CE04BAA0E5}.Debug|Any CPU.Build.0 = Debug|Any CPU
		{17FAE41C-DF72-43EA-99C3-B0CE04BAA0E5}.Release|Any CPU.ActiveCfg = Release|Any CPU
		{17FAE41C-DF72-43EA-99C3-B0CE04BAA0E5}.Release|Any CPU.Build.0 = Release|Any CPU
		{EEFFCB67-6A6A-42CF-A75E-CA691EDE5ACA}.Debug|Any CPU.ActiveCfg = Debug|Any CPU
		{EEFFCB67-6A6A-42CF-A75E-CA691EDE5ACA}.Debug|Any CPU.Build.0 = Debug|Any CPU
		{EEFFCB67-6A6A-42CF-A75E-CA691EDE5ACA}.Release|Any CPU.ActiveCfg = Release|Any CPU
		{EEFFCB67-6A6A-42CF-A75E-CA691EDE5ACA}.Release|Any CPU.Build.0 = Release|Any CPU
	EndGlobalSection
EndGlobal
