
Microsoft Visual Studio Solution File, Format Version 12.00
Project("{FAE04EC0-301F-11D3-BF4B-00C04F79EFBC}") = "mongo.db", "mongo.db\mongo.db.csproj", "{205E6242-6A3E-4592-AE05-09D32CA700FF}"
EndProject
Global
	GlobalSection(SolutionConfigurationPlatforms) = preSolution
		Debug|Any CPU = Debug|Any CPU
		Release|Any CPU = Release|Any CPU
	EndGlobalSection
	GlobalSection(ProjectConfigurationPlatforms) = postSolution
		{205E6242-6A3E-4592-AE05-09D32CA700FF}.Debug|Any CPU.ActiveCfg = Debug|Any CPU
		{205E6242-6A3E-4592-AE05-09D32CA700FF}.Debug|Any CPU.Build.0 = Debug|Any CPU
		{205E6242-6A3E-4592-AE05-09D32CA700FF}.Release|Any CPU.ActiveCfg = Release|Any CPU
		{205E6242-6A3E-4592-AE05-09D32CA700FF}.Release|Any CPU.Build.0 = Release|Any CPU
	EndGlobalSection
EndGlobal
