
Microsoft Visual Studio Solution File, Format Version 12.00
Project("{FAE04EC0-301F-11D3-BF4B-00C04F79EFBC}") = "uri_1151", "uri_1151\uri_1151.csproj", "{325F4701-9A74-493C-A48E-2A103A8B88F2}"
EndProject
Global
	GlobalSection(SolutionConfigurationPlatforms) = preSolution
		Debug|Any CPU = Debug|Any CPU
		Release|Any CPU = Release|Any CPU
	EndGlobalSection
	GlobalSection(ProjectConfigurationPlatforms) = postSolution
		{325F4701-9A74-493C-A48E-2A103A8B88F2}.Debug|Any CPU.ActiveCfg = Debug|Any CPU
		{325F4701-9A74-493C-A48E-2A103A8B88F2}.Debug|Any CPU.Build.0 = Debug|Any CPU
		{325F4701-9A74-493C-A48E-2A103A8B88F2}.Release|Any CPU.ActiveCfg = Release|Any CPU
		{325F4701-9A74-493C-A48E-2A103A8B88F2}.Release|Any CPU.Build.0 = Release|Any CPU
	EndGlobalSection
EndGlobal
